
Microsoft Visual Studio Solution File, Format Version 12.00
# Visual Studio Version 16
VisualStudioVersion = 16.0.29728.190
MinimumVisualStudioVersion = 10.0.40219.1
Project("{FAE04EC0-301F-11D3-BF4B-00C04F79EFBC}") = "FirebaseAPI", "FirebaseAPI\FirebaseAPI.csproj", "{6776ED51-40C3-4350-9599-8E2EE3701DE7}"
EndProject
Project("{FAE04EC0-301F-11D3-BF4B-00C04F79EFBC}") = "Firebase.Services", "Firebase.Services\Firebase.Services.csproj", "{70467B46-F988-41A5-B3BF-D771BF55B959}"
EndProject
Project("{FAE04EC0-301F-11D3-BF4B-00C04F79EFBC}") = "Firebase.Repository", "Firebase.Repository\Firebase.Repository.csproj", "{C0C7CCA0-8CB9-4132-A92C-AC8CF2CCFC29}"
EndProject
Project("{FAE04EC0-301F-11D3-BF4B-00C04F79EFBC}") = "Firebase.Entities", "Firebase.Entities\Firebase.Entities.csproj", "{F2CB7F6E-F26E-4552-9AD4-2A76014469D1}"
EndProject
Project("{FAE04EC0-301F-11D3-BF4B-00C04F79EFBC}") = "Firebase.ViewModels", "Firebase.Models\Firebase.ViewModels.csproj", "{0F72F870-68CF-417A-A564-5755FFAFC526}"
EndProject
Global
	GlobalSection(SolutionConfigurationPlatforms) = preSolution
		Debug|Any CPU = Debug|Any CPU
		Release|Any CPU = Release|Any CPU
	EndGlobalSection
	GlobalSection(ProjectConfigurationPlatforms) = postSolution
		{6776ED51-40C3-4350-9599-8E2EE3701DE7}.Debug|Any CPU.ActiveCfg = Debug|Any CPU
		{6776ED51-40C3-4350-9599-8E2EE3701DE7}.Debug|Any CPU.Build.0 = Debug|Any CPU
		{6776ED51-40C3-4350-9599-8E2EE3701DE7}.Release|Any CPU.ActiveCfg = Release|Any CPU
		{6776ED51-40C3-4350-9599-8E2EE3701DE7}.Release|Any CPU.Build.0 = Release|Any CPU
		{70467B46-F988-41A5-B3BF-D771BF55B959}.Debug|Any CPU.ActiveCfg = Debug|Any CPU
		{70467B46-F988-41A5-B3BF-D771BF55B959}.Debug|Any CPU.Build.0 = Debug|Any CPU
		{70467B46-F988-41A5-B3BF-D771BF55B959}.Release|Any CPU.ActiveCfg = Release|Any CPU
		{70467B46-F988-41A5-B3BF-D771BF55B959}.Release|Any CPU.Build.0 = Release|Any CPU
		{C0C7CCA0-8CB9-4132-A92C-AC8CF2CCFC29}.Debug|Any CPU.ActiveCfg = Debug|Any CPU
		{C0C7CCA0-8CB9-4132-A92C-AC8CF2CCFC29}.Debug|Any CPU.Build.0 = Debug|Any CPU
		{C0C7CCA0-8CB9-4132-A92C-AC8CF2CCFC29}.Release|Any CPU.ActiveCfg = Release|Any CPU
		{C0C7CCA0-8CB9-4132-A92C-AC8CF2CCFC29}.Release|Any CPU.Build.0 = Release|Any CPU
		{F2CB7F6E-F26E-4552-9AD4-2A76014469D1}.Debug|Any CPU.ActiveCfg = Debug|Any CPU
		{F2CB7F6E-F26E-4552-9AD4-2A76014469D1}.Debug|Any CPU.Build.0 = Debug|Any CPU
		{F2CB7F6E-F26E-4552-9AD4-2A76014469D1}.Release|Any CPU.ActiveCfg = Release|Any CPU
		{F2CB7F6E-F26E-4552-9AD4-2A76014469D1}.Release|Any CPU.Build.0 = Release|Any CPU
		{0F72F870-68CF-417A-A564-5755FFAFC526}.Debug|Any CPU.ActiveCfg = Debug|Any CPU
		{0F72F870-68CF-417A-A564-5755FFAFC526}.Debug|Any CPU.Build.0 = Debug|Any CPU
		{0F72F870-68CF-417A-A564-5755FFAFC526}.Release|Any CPU.ActiveCfg = Release|Any CPU
		{0F72F870-68CF-417A-A564-5755FFAFC526}.Release|Any CPU.Build.0 = Release|Any CPU
	EndGlobalSection
	GlobalSection(SolutionProperties) = preSolution
		HideSolutionNode = FALSE
	EndGlobalSection
	GlobalSection(ExtensibilityGlobals) = postSolution
		SolutionGuid = {D5A23643-D247-40DA-B5FF-00C29FD012FA}
	EndGlobalSection
EndGlobal
